{
  "name": "@erfanhoseinih/webglutils",
  "version": "1.0.3",
  "lockfileVersion": 3,
  "requires": true,
  "packages": {
    "": {
      "name": "@erfanhoseinih/webglutils",
      "version": "1.0.3",
      "license": "MIT",
      "dependencies": {
        "@erfanhoseinih/webglutils": "^1.0.3"
      }
    },
    "node_modules/@erfanhoseinih/webglutils": {
      "version": "1.0.3",
      "resolved": "https://registry.npmjs.org/@erfanhoseinih/webglutils/-/webglutils-1.0.3.tgz",
      "integrity": "sha512-irUPC44VW7gpdJz/VbS0Qi86izne7LPUPzwRVDH3SD3sWMAjSEGakY81yAox0sXT85UKThjskWgrLD/BS69NLQ=="
    }
  }
}
